
Microsoft Visual Studio Solution File, Format Version 12.00
# Visual Studio Version 17
VisualStudioVersion = 17.11.35327.3
MinimumVisualStudioVersion = 10.0.40219.1
Project("{FAE04EC0-301F-11D3-BF4B-00C04F79EFBC}") = "ChessGameWPF", "ChessGameWPF\ChessGameWPF.csproj", "{02DD385C-8D84-4C62-A8D7-028E9EF5022C}"
EndProject
Global
	GlobalSection(SolutionConfigurationPlatforms) = preSolution
		Debug|Any CPU = Debug|Any CPU
		Release|Any CPU = Release|Any CPU
	EndGlobalSection
	GlobalSection(ProjectConfigurationPlatforms) = postSolution
		{02DD385C-8D84-4C62-A8D7-028E9EF5022C}.Debug|Any CPU.ActiveCfg = Debug|Any CPU
		{02DD385C-8D84-4C62-A8D7-028E9EF5022C}.Debug|Any CPU.Build.0 = Debug|Any CPU
		{02DD385C-8D84-4C62-A8D7-028E9EF5022C}.Release|Any CPU.ActiveCfg = Release|Any CPU
		{02DD385C-8D84-4C62-A8D7-028E9EF5022C}.Release|Any CPU.Build.0 = Release|Any CPU
	EndGlobalSection
	GlobalSection(SolutionProperties) = preSolution
		HideSolutionNode = FALSE
	EndGlobalSection
	GlobalSection(ExtensibilityGlobals) = postSolution
		SolutionGuid = {1CF5854C-F9AA-4F43-AC35-FC69EA964691}
	EndGlobalSection
EndGlobal
